
Microsoft Visual Studio Solution File, Format Version 12.00
# Visual Studio Version 17
VisualStudioVersion = 17.5.33627.172
MinimumVisualStudioVersion = 10.0.40219.1
Project("{FAE04EC0-301F-11D3-BF4B-00C04F79EFBC}") = "SpacecraftControlSystem", "SpacecraftControlSystem\SpacecraftControlSystem.csproj", "{C2FCD869-637E-4F09-9204-50289F4E933D}"
EndProject
Global
	GlobalSection(SolutionConfigurationPlatforms) = preSolution
		Debug|Any CPU = Debug|Any CPU
		Release|Any CPU = Release|Any CPU
	EndGlobalSection
	GlobalSection(ProjectConfigurationPlatforms) = postSolution
		{C2FCD869-637E-4F09-9204-50289F4E933D}.Debug|Any CPU.ActiveCfg = Debug|Any CPU
		{C2FCD869-637E-4F09-9204-50289F4E933D}.Debug|Any CPU.Build.0 = Debug|Any CPU
		{C2FCD869-637E-4F09-9204-50289F4E933D}.Release|Any CPU.ActiveCfg = Release|Any CPU
		{C2FCD869-637E-4F09-9204-50289F4E933D}.Release|Any CPU.Build.0 = Release|Any CPU
	EndGlobalSection
	GlobalSection(SolutionProperties) = preSolution
		HideSolutionNode = FALSE
	EndGlobalSection
	GlobalSection(ExtensibilityGlobals) = postSolution
		SolutionGuid = {0490ACE5-A5D0-4CF8-B728-E1E1EB3BC6A4}
	EndGlobalSection
EndGlobal
